
Microsoft Visual Studio Solution File, Format Version 12.00
# Visual Studio Version 17
VisualStudioVersion = 17.6.33829.357
MinimumVisualStudioVersion = 10.0.40219.1
Project("{FAE04EC0-301F-11D3-BF4B-00C04F79EFBC}") = "TarefeiroAPI", "TarefeiroAPI\TarefeiroAPI.csproj", "{09F2539F-26EA-4360-9EAA-50843E76ABCE}"
EndProject
Global
	GlobalSection(SolutionConfigurationPlatforms) = preSolution
		Debug|Any CPU = Debug|Any CPU
		Release|Any CPU = Release|Any CPU
	EndGlobalSection
	GlobalSection(ProjectConfigurationPlatforms) = postSolution
		{09F2539F-26EA-4360-9EAA-50843E76ABCE}.Debug|Any CPU.ActiveCfg = Debug|Any CPU
		{09F2539F-26EA-4360-9EAA-50843E76ABCE}.Debug|Any CPU.Build.0 = Debug|Any CPU
		{09F2539F-26EA-4360-9EAA-50843E76ABCE}.Release|Any CPU.ActiveCfg = Release|Any CPU
		{09F2539F-26EA-4360-9EAA-50843E76ABCE}.Release|Any CPU.Build.0 = Release|Any CPU
	EndGlobalSection
	GlobalSection(SolutionProperties) = preSolution
		HideSolutionNode = FALSE
	EndGlobalSection
	GlobalSection(ExtensibilityGlobals) = postSolution
		SolutionGuid = {475551A0-D71A-4537-8732-B0C9DBA9C979}
	EndGlobalSection
EndGlobal
